
Microsoft Visual Studio Solution File, Format Version 12.00
# Visual Studio Version 17
VisualStudioVersion = 17.0.31903.59
MinimumVisualStudioVersion = 10.0.40219.1
Project("{FAE04EC0-301F-11D3-BF4B-00C04F79EFBC}") = "api", "api\api.csproj", "{BCFBAE02-7281-4CBE-AAD7-FF7A8983D6CC}"
EndProject
Project("{FAE04EC0-301F-11D3-BF4B-00C04F79EFBC}") = "Basic", "Basic\Basic.csproj", "{B4021543-69D8-45A0-AB08-2634F297DEFB}"
EndProject
Global
	GlobalSection(SolutionConfigurationPlatforms) = preSolution
		Debug|Any CPU = Debug|Any CPU
		Release|Any CPU = Release|Any CPU
	EndGlobalSection
	GlobalSection(SolutionProperties) = preSolution
		HideSolutionNode = FALSE
	EndGlobalSection
	GlobalSection(ProjectConfigurationPlatforms) = postSolution
		{BCFBAE02-7281-4CBE-AAD7-FF7A8983D6CC}.Debug|Any CPU.ActiveCfg = Debug|Any CPU
		{BCFBAE02-7281-4CBE-AAD7-FF7A8983D6CC}.Debug|Any CPU.Build.0 = Debug|Any CPU
		{BCFBAE02-7281-4CBE-AAD7-FF7A8983D6CC}.Release|Any CPU.ActiveCfg = Release|Any CPU
		{BCFBAE02-7281-4CBE-AAD7-FF7A8983D6CC}.Release|Any CPU.Build.0 = Release|Any CPU
		{B4021543-69D8-45A0-AB08-2634F297DEFB}.Debug|Any CPU.ActiveCfg = Debug|Any CPU
		{B4021543-69D8-45A0-AB08-2634F297DEFB}.Debug|Any CPU.Build.0 = Debug|Any CPU
		{B4021543-69D8-45A0-AB08-2634F297DEFB}.Release|Any CPU.ActiveCfg = Release|Any CPU
		{B4021543-69D8-45A0-AB08-2634F297DEFB}.Release|Any CPU.Build.0 = Release|Any CPU
	EndGlobalSection
EndGlobal
