Microsoft Visual Studio Solution File, Format Version 12.00
# Visual Studio Version 17
VisualStudioVersion = 17.5.2.0
MinimumVisualStudioVersion = 10.0.40219.1
Project("{FAE04EC0-301F-11D3-BF4B-00C04F79EFBC}") = "AIProject", "AIProject\AIProject.csproj", "{4895D17B-C0BF-9C8C-7842-78F43B07FC12}"
EndProject
Project("{FAE04EC0-301F-11D3-BF4B-00C04F79EFBC}") = "CoreLearning", "CoreLearning\CoreLearning.csproj", "{EFADFC22-CAC9-B4D0-3ADF-E5C77012D2AB}"
EndProject
Global
	GlobalSection(SolutionConfigurationPlatforms) = preSolution
		Debug|Any CPU = Debug|Any CPU
		Release|Any CPU = Release|Any CPU
	EndGlobalSection
	GlobalSection(ProjectConfigurationPlatforms) = postSolution
		{4895D17B-C0BF-9C8C-7842-78F43B07FC12}.Debug|Any CPU.ActiveCfg = Debug|Any CPU
		{4895D17B-C0BF-9C8C-7842-78F43B07FC12}.Debug|Any CPU.Build.0 = Debug|Any CPU
		{4895D17B-C0BF-9C8C-7842-78F43B07FC12}.Release|Any CPU.ActiveCfg = Release|Any CPU
		{4895D17B-C0BF-9C8C-7842-78F43B07FC12}.Release|Any CPU.Build.0 = Release|Any CPU
		{EFADFC22-CAC9-B4D0-3ADF-E5C77012D2AB}.Debug|Any CPU.ActiveCfg = Debug|Any CPU
		{EFADFC22-CAC9-B4D0-3ADF-E5C77012D2AB}.Debug|Any CPU.Build.0 = Debug|Any CPU
		{EFADFC22-CAC9-B4D0-3ADF-E5C77012D2AB}.Release|Any CPU.ActiveCfg = Release|Any CPU
		{EFADFC22-CAC9-B4D0-3ADF-E5C77012D2AB}.Release|Any CPU.Build.0 = Release|Any CPU
	EndGlobalSection
	GlobalSection(SolutionProperties) = preSolution
		HideSolutionNode = FALSE
	EndGlobalSection
	GlobalSection(ExtensibilityGlobals) = postSolution
		SolutionGuid = {F1E5AF29-D32B-4A40-9009-594AE2BD39FB}
	EndGlobalSection
EndGlobal
